
Microsoft Visual Studio Solution File, Format Version 12.00
# Visual Studio Express 2013 for Windows Desktop
VisualStudioVersion = 12.0.30110.0
MinimumVisualStudioVersion = 10.0.40219.1
Project("{8BC9CEB8-8B4A-11D0-8D11-00A0C91BC942}") = "lists", "lists\lists.vcxproj", "{A57FC478-57F5-4149-80C7-15A87368C297}"
EndProject
Project("{8BC9CEB8-8B4A-11D0-8D11-00A0C91BC942}") = "matrix", "matrix\matrix.vcxproj", "{E4E4ABDB-0F71-45CF-9700-A10D002F34A3}"
EndProject
Project("{8BC9CEB8-8B4A-11D0-8D11-00A0C91BC942}") = "tries", "tries\tries.vcxproj", "{CC130B4A-79F9-48C2-AC09-53EFE2E08F7B}"
EndProject
Project("{8BC9CEB8-8B4A-11D0-8D11-00A0C91BC942}") = "strings", "strings\strings.vcxproj", "{CEB9CBC3-06E6-4EEE-8961-B13F400B71E6}"
EndProject
Global
	GlobalSection(SolutionConfigurationPlatforms) = preSolution
		Debug|Win32 = Debug|Win32
		Release|Win32 = Release|Win32
	EndGlobalSection
	GlobalSection(ProjectConfigurationPlatforms) = postSolution
		{A57FC478-57F5-4149-80C7-15A87368C297}.Debug|Win32.ActiveCfg = Debug|Win32
		{A57FC478-57F5-4149-80C7-15A87368C297}.Debug|Win32.Build.0 = Debug|Win32
		{A57FC478-57F5-4149-80C7-15A87368C297}.Release|Win32.ActiveCfg = Release|Win32
		{A57FC478-57F5-4149-80C7-15A87368C297}.Release|Win32.Build.0 = Release|Win32
		{E4E4ABDB-0F71-45CF-9700-A10D002F34A3}.Debug|Win32.ActiveCfg = Debug|Win32
		{E4E4ABDB-0F71-45CF-9700-A10D002F34A3}.Debug|Win32.Build.0 = Debug|Win32
		{E4E4ABDB-0F71-45CF-9700-A10D002F34A3}.Release|Win32.ActiveCfg = Release|Win32
		{E4E4ABDB-0F71-45CF-9700-A10D002F34A3}.Release|Win32.Build.0 = Release|Win32
		{CC130B4A-79F9-48C2-AC09-53EFE2E08F7B}.Debug|Win32.ActiveCfg = Debug|Win32
		{CC130B4A-79F9-48C2-AC09-53EFE2E08F7B}.Debug|Win32.Build.0 = Debug|Win32
		{CC130B4A-79F9-48C2-AC09-53EFE2E08F7B}.Release|Win32.ActiveCfg = Release|Win32
		{CC130B4A-79F9-48C2-AC09-53EFE2E08F7B}.Release|Win32.Build.0 = Release|Win32
		{CEB9CBC3-06E6-4EEE-8961-B13F400B71E6}.Debug|Win32.ActiveCfg = Debug|Win32
		{CEB9CBC3-06E6-4EEE-8961-B13F400B71E6}.Debug|Win32.Build.0 = Debug|Win32
		{CEB9CBC3-06E6-4EEE-8961-B13F400B71E6}.Release|Win32.ActiveCfg = Release|Win32
		{CEB9CBC3-06E6-4EEE-8961-B13F400B71E6}.Release|Win32.Build.0 = Release|Win32
	EndGlobalSection
	GlobalSection(SolutionProperties) = preSolution
		HideSolutionNode = FALSE
	EndGlobalSection
EndGlobal
